
Microsoft Visual Studio Solution File, Format Version 12.00
# Visual Studio Version 17
VisualStudioVersion = 17.3.32901.215
MinimumVisualStudioVersion = 10.0.40219.1
Project("{FAE04EC0-301F-11D3-BF4B-00C04F79EFBC}") = "WenboMin_HTTP5112_Assignment_2", "WenboMin_HTTP5112_Assignment_2\WenboMin_HTTP5112_Assignment_2.csproj", "{3770B222-0219-4C02-A2C4-F9F41DC39029}"
EndProject
Global
	GlobalSection(SolutionConfigurationPlatforms) = preSolution
		Debug|Any CPU = Debug|Any CPU
		Release|Any CPU = Release|Any CPU
	EndGlobalSection
	GlobalSection(ProjectConfigurationPlatforms) = postSolution
		{3770B222-0219-4C02-A2C4-F9F41DC39029}.Debug|Any CPU.ActiveCfg = Debug|Any CPU
		{3770B222-0219-4C02-A2C4-F9F41DC39029}.Debug|Any CPU.Build.0 = Debug|Any CPU
		{3770B222-0219-4C02-A2C4-F9F41DC39029}.Release|Any CPU.ActiveCfg = Release|Any CPU
		{3770B222-0219-4C02-A2C4-F9F41DC39029}.Release|Any CPU.Build.0 = Release|Any CPU
	EndGlobalSection
	GlobalSection(SolutionProperties) = preSolution
		HideSolutionNode = FALSE
	EndGlobalSection
	GlobalSection(ExtensibilityGlobals) = postSolution
		SolutionGuid = {70773F96-13FA-460B-BF1C-273C52CD9722}
	EndGlobalSection
EndGlobal
